uuid: 1dc8fcd4-2135-4ced-bd5f-16d0247fed41
langcode: en
status: false
dependencies:
  module:
    - heartbeat
    - system
  theme:
    - kekistan
id: heartbeathashblock
theme: kekistan
region: content
weight: -3
provider: null
plugin: heartbeat_hash_block
settings:
  id: heartbeat_hash_block
  label: 'Heartbeat Hash block'
  provider: heartbeat
  label_display: '0'
visibility:
  request_path:
    id: request_path
    pages: '<front>'
    negate: false
    context_mapping: {  }
